
Microsoft Visual Studio Solution File, Format Version 12.00
# Visual Studio Version 17
VisualStudioVersion = 17.0.32112.339
MinimumVisualStudioVersion = 10.0.40219.1
Project("{FAE04EC0-301F-11D3-BF4B-00C04F79EFBC}") = "EET", "EET\EET.csproj", "{26A23CB9-E5D1-43D9-8E13-2E109717D5A3}"
EndProject
Global
	GlobalSection(SolutionConfigurationPlatforms) = preSolution
		Debug|Any CPU = Debug|Any CPU
		Release|Any CPU = Release|Any CPU
	EndGlobalSection
	GlobalSection(ProjectConfigurationPlatforms) = postSolution
		{26A23CB9-E5D1-43D9-8E13-2E109717D5A3}.Debug|Any CPU.ActiveCfg = Debug|Any CPU
		{26A23CB9-E5D1-43D9-8E13-2E109717D5A3}.Debug|Any CPU.Build.0 = Debug|Any CPU
		{26A23CB9-E5D1-43D9-8E13-2E109717D5A3}.Release|Any CPU.ActiveCfg = Release|Any CPU
		{26A23CB9-E5D1-43D9-8E13-2E109717D5A3}.Release|Any CPU.Build.0 = Release|Any CPU
	EndGlobalSection
	GlobalSection(SolutionProperties) = preSolution
		HideSolutionNode = FALSE
	EndGlobalSection
	GlobalSection(ExtensibilityGlobals) = postSolution
		SolutionGuid = {B4ABB1DE-D25C-4CC2-90C0-01E1544DDBA5}
	EndGlobalSection
EndGlobal
